
Microsoft Visual Studio Solution File, Format Version 12.00
# Visual Studio 2012
Project("{8BC9CEB8-8B4A-11D0-8D11-00A0C91BC942}") = "BStEST", "BStEST\BStEST.vcxproj", "{234F8ABB-19AC-4715-9BD8-2CE53D4C2A79}"
EndProject
Global
	GlobalSection(SolutionConfigurationPlatforms) = preSolution
		Debug|Win32 = Debug|Win32
		Release|Win32 = Release|Win32
	EndGlobalSection
	GlobalSection(ProjectConfigurationPlatforms) = postSolution
		{234F8ABB-19AC-4715-9BD8-2CE53D4C2A79}.Debug|Win32.ActiveCfg = Debug|Win32
		{234F8ABB-19AC-4715-9BD8-2CE53D4C2A79}.Debug|Win32.Build.0 = Debug|Win32
		{234F8ABB-19AC-4715-9BD8-2CE53D4C2A79}.Release|Win32.ActiveCfg = Release|Win32
		{234F8ABB-19AC-4715-9BD8-2CE53D4C2A79}.Release|Win32.Build.0 = Release|Win32
	EndGlobalSection
	GlobalSection(SolutionProperties) = preSolution
		HideSolutionNode = FALSE
	EndGlobalSection
EndGlobal
